
Microsoft Visual Studio Solution File, Format Version 12.00
# Visual Studio Version 17
VisualStudioVersion = 17.2.32526.322
MinimumVisualStudioVersion = 10.0.40219.1
Project("{9A19103F-16F7-4668-BE54-9A1E7A4F7556}") = "Skinet.API", "Skinet.API\Skinet.API.csproj", "{A61C24F0-3665-4328-9551-3E0E201D60EA}"
EndProject
Project("{FAE04EC0-301F-11D3-BF4B-00C04F79EFBC}") = "Skinet.Core", "Skinet.Core\Skinet.Core.csproj", "{BCF250C7-3768-45D2-9C38-37DF53BD121E}"
EndProject
Project("{FAE04EC0-301F-11D3-BF4B-00C04F79EFBC}") = "Skinet.Infrastructure", "Skinet.Infrastructure\Skinet.Infrastructure.csproj", "{EE6BD2C0-16FC-4A1F-83AB-1121BBAA4C82}"
EndProject
Global
	GlobalSection(SolutionConfigurationPlatforms) = preSolution
		Debug|Any CPU = Debug|Any CPU
		Release|Any CPU = Release|Any CPU
	EndGlobalSection
	GlobalSection(ProjectConfigurationPlatforms) = postSolution
		{A61C24F0-3665-4328-9551-3E0E201D60EA}.Debug|Any CPU.ActiveCfg = Debug|Any CPU
		{A61C24F0-3665-4328-9551-3E0E201D60EA}.Debug|Any CPU.Build.0 = Debug|Any CPU
		{A61C24F0-3665-4328-9551-3E0E201D60EA}.Release|Any CPU.ActiveCfg = Release|Any CPU
		{A61C24F0-3665-4328-9551-3E0E201D60EA}.Release|Any CPU.Build.0 = Release|Any CPU
		{BCF250C7-3768-45D2-9C38-37DF53BD121E}.Debug|Any CPU.ActiveCfg = Debug|Any CPU
		{BCF250C7-3768-45D2-9C38-37DF53BD121E}.Debug|Any CPU.Build.0 = Debug|Any CPU
		{BCF250C7-3768-45D2-9C38-37DF53BD121E}.Release|Any CPU.ActiveCfg = Release|Any CPU
		{BCF250C7-3768-45D2-9C38-37DF53BD121E}.Release|Any CPU.Build.0 = Release|Any CPU
		{EE6BD2C0-16FC-4A1F-83AB-1121BBAA4C82}.Debug|Any CPU.ActiveCfg = Debug|Any CPU
		{EE6BD2C0-16FC-4A1F-83AB-1121BBAA4C82}.Debug|Any CPU.Build.0 = Debug|Any CPU
		{EE6BD2C0-16FC-4A1F-83AB-1121BBAA4C82}.Release|Any CPU.ActiveCfg = Release|Any CPU
		{EE6BD2C0-16FC-4A1F-83AB-1121BBAA4C82}.Release|Any CPU.Build.0 = Release|Any CPU
	EndGlobalSection
	GlobalSection(SolutionProperties) = preSolution
		HideSolutionNode = FALSE
	EndGlobalSection
	GlobalSection(ExtensibilityGlobals) = postSolution
		SolutionGuid = {B1940CDA-6509-476C-8475-AC0BEA7C3CB5}
	EndGlobalSection
EndGlobal
